
Microsoft Visual Studio Solution File, Format Version 12.00
# Visual Studio Version 17
VisualStudioVersion = 17.8.34330.188
MinimumVisualStudioVersion = 10.0.40219.1
Project("{FAE04EC0-301F-11D3-BF4B-00C04F79EFBC}") = "AP1_GSB_BTS-SIO", "AP1_GSB_BTS-SIO.csproj", "{2E6D039E-240E-4D75-B944-9BBEC3D2942C}"
EndProject
Global
	GlobalSection(SolutionConfigurationPlatforms) = preSolution
		Debug|Any CPU = Debug|Any CPU
		Release|Any CPU = Release|Any CPU
	EndGlobalSection
	GlobalSection(ProjectConfigurationPlatforms) = postSolution
		{2E6D039E-240E-4D75-B944-9BBEC3D2942C}.Debug|Any CPU.ActiveCfg = Debug|Any CPU
		{2E6D039E-240E-4D75-B944-9BBEC3D2942C}.Debug|Any CPU.Build.0 = Debug|Any CPU
		{2E6D039E-240E-4D75-B944-9BBEC3D2942C}.Release|Any CPU.ActiveCfg = Release|Any CPU
		{2E6D039E-240E-4D75-B944-9BBEC3D2942C}.Release|Any CPU.Build.0 = Release|Any CPU
	EndGlobalSection
	GlobalSection(SolutionProperties) = preSolution
		HideSolutionNode = FALSE
	EndGlobalSection
	GlobalSection(ExtensibilityGlobals) = postSolution
		SolutionGuid = {A9161B70-E256-4F67-975F-9454546A3D99}
	EndGlobalSection
EndGlobal
